uuid: fb5e4b05-e0f8-4aba-bc6b-d99c56238e48
langcode: en
status: true
dependencies:
  content:
    - 'block_content:banner:c35961df-3c03-49d8-9ac6-aed7ff635cdb'
  module:
    - block_content
    - system
  theme:
    - gtpd_subtheme
id: gtpd_subtheme_newbannerblock
theme: gtpd_subtheme
region: banner
weight: 0
provider: null
plugin: 'block_content:c35961df-3c03-49d8-9ac6-aed7ff635cdb'
settings:
  id: 'block_content:c35961df-3c03-49d8-9ac6-aed7ff635cdb'
  label: 'New Banner Block'
  label_display: visible
  provider: block_content
  status: true
  info: ''
  view_mode: full
visibility:
  request_path:
    id: request_path
    negate: false
    pages: '<front>'
